
Microsoft Visual Studio Solution File, Format Version 12.00
# Visual Studio Version 16
VisualStudioVersion = 16.0.30711.63
MinimumVisualStudioVersion = 10.0.40219.1
Project("{888888A0-9F3D-457C-B088-3A5042F75D52}") = "Notification2", "Notification2.pyproj", "{870309E7-726A-41E0-8AF7-5E0DDB8C0F77}"
EndProject
Global
	GlobalSection(SolutionConfigurationPlatforms) = preSolution
		Debug|Any CPU = Debug|Any CPU
		Release|Any CPU = Release|Any CPU
	EndGlobalSection
	GlobalSection(ProjectConfigurationPlatforms) = postSolution
		{870309E7-726A-41E0-8AF7-5E0DDB8C0F77}.Debug|Any CPU.ActiveCfg = Debug|Any CPU
		{870309E7-726A-41E0-8AF7-5E0DDB8C0F77}.Debug|Any CPU.Build.0 = Debug|Any CPU
		{870309E7-726A-41E0-8AF7-5E0DDB8C0F77}.Release|Any CPU.ActiveCfg = Release|Any CPU
		{870309E7-726A-41E0-8AF7-5E0DDB8C0F77}.Release|Any CPU.Build.0 = Release|Any CPU
	EndGlobalSection
	GlobalSection(SolutionProperties) = preSolution
		HideSolutionNode = FALSE
	EndGlobalSection
	GlobalSection(ExtensibilityGlobals) = postSolution
		SolutionGuid = {95D7CA66-5CEA-4B7E-A667-655D26001544}
	EndGlobalSection
EndGlobal
